
Microsoft Visual Studio Solution File, Format Version 12.00
# Visual Studio Version 16
VisualStudioVersion = 16.0.31402.337
MinimumVisualStudioVersion = 10.0.40219.1
Project("{FAE04EC0-301F-11D3-BF4B-00C04F79EFBC}") = "Labirent_WFA", "Labirent_WFA\Labirent_WFA.csproj", "{47FB4938-D026-47FC-97C4-BFCCEC21DC66}"
EndProject
Global
	GlobalSection(SolutionConfigurationPlatforms) = preSolution
		Debug|Any CPU = Debug|Any CPU
		Release|Any CPU = Release|Any CPU
	EndGlobalSection
	GlobalSection(ProjectConfigurationPlatforms) = postSolution
		{47FB4938-D026-47FC-97C4-BFCCEC21DC66}.Debug|Any CPU.ActiveCfg = Debug|Any CPU
		{47FB4938-D026-47FC-97C4-BFCCEC21DC66}.Debug|Any CPU.Build.0 = Debug|Any CPU
		{47FB4938-D026-47FC-97C4-BFCCEC21DC66}.Release|Any CPU.ActiveCfg = Release|Any CPU
		{47FB4938-D026-47FC-97C4-BFCCEC21DC66}.Release|Any CPU.Build.0 = Release|Any CPU
	EndGlobalSection
	GlobalSection(SolutionProperties) = preSolution
		HideSolutionNode = FALSE
	EndGlobalSection
	GlobalSection(ExtensibilityGlobals) = postSolution
		SolutionGuid = {8E714F22-D1A5-4DEF-8518-3119D813942E}
	EndGlobalSection
EndGlobal
